
Microsoft Visual Studio Solution File, Format Version 12.00
# Visual Studio Version 16
VisualStudioVersion = 16.0.30225.117
MinimumVisualStudioVersion = 10.0.40219.1
Project("{FAE04EC0-301F-11D3-BF4B-00C04F79EFBC}") = "Kiwambo.Gui", "Kiwambo.Gui\Kiwambo.Gui.csproj", "{065D0399-784D-47B6-A89C-B0D437039304}"
EndProject
Project("{FAE04EC0-301F-11D3-BF4B-00C04F79EFBC}") = "Kiwambo.Core", "Kiwambo.Core\Kiwambo.Core.csproj", "{DDF7A272-DCC1-4D88-A37E-692D808101BD}"
EndProject
Global
	GlobalSection(SolutionConfigurationPlatforms) = preSolution
		Debug|Any CPU = Debug|Any CPU
		Release|Any CPU = Release|Any CPU
	EndGlobalSection
	GlobalSection(ProjectConfigurationPlatforms) = postSolution
		{065D0399-784D-47B6-A89C-B0D437039304}.Debug|Any CPU.ActiveCfg = Debug|Any CPU
		{065D0399-784D-47B6-A89C-B0D437039304}.Debug|Any CPU.Build.0 = Debug|Any CPU
		{065D0399-784D-47B6-A89C-B0D437039304}.Release|Any CPU.ActiveCfg = Release|Any CPU
		{065D0399-784D-47B6-A89C-B0D437039304}.Release|Any CPU.Build.0 = Release|Any CPU
		{DDF7A272-DCC1-4D88-A37E-692D808101BD}.Debug|Any CPU.ActiveCfg = Debug|Any CPU
		{DDF7A272-DCC1-4D88-A37E-692D808101BD}.Debug|Any CPU.Build.0 = Debug|Any CPU
		{DDF7A272-DCC1-4D88-A37E-692D808101BD}.Release|Any CPU.ActiveCfg = Release|Any CPU
		{DDF7A272-DCC1-4D88-A37E-692D808101BD}.Release|Any CPU.Build.0 = Release|Any CPU
	EndGlobalSection
	GlobalSection(SolutionProperties) = preSolution
		HideSolutionNode = FALSE
	EndGlobalSection
	GlobalSection(ExtensibilityGlobals) = postSolution
		SolutionGuid = {756835EC-94A4-4A75-9883-6C940F389F2F}
	EndGlobalSection
EndGlobal
